// !$*UTF8*$!
{
	archiveVersion = 1;
	classes = {
	};
	objectVersion = 50;
	objects = {

/* Begin PBXBuildFile section */
		4D275C4C2591441B00D7EA62 /* Alerta.swift in Sources */ = {isa = PBXBuildFile; fileRef = 4D275C4B2591441B00D7EA62 /* Alerta.swift */; };
		4D275C4F2591571E00D7EA62 /* RemoveRefeicaoViewController.swift in Sources */ = {isa = PBXBuildFile; fileRef = 4D275C4E2591571E00D7EA62 /* RemoveRefeicaoViewController.swift */; };
		4D4074F4258D3CD900E21E25 /* RefeicoesTableViewController.swift in Sources */ = {isa = PBXBuildFile; fileRef = 4D4074F3258D3CD900E21E25 /* RefeicoesTableViewController.swift */; };
		4D7D23DA25922F9200D71218 /* RefeicaoDao.swift in Sources */ = {isa = PBXBuildFile; fileRef = 4D7D23D925922F9200D71218 /* RefeicaoDao.swift */; };
		4D7D23DD259232FC00D71218 /* ItemDao.swift in Sources */ = {isa = PBXBuildFile; fileRef = 4D7D23DC259232FC00D71218 /* ItemDao.swift */; };
		4DAE8EA325893E7C0044489B /* AppDelegate.swift in Sources */ = {isa = PBXBuildFile; fileRef = 4DAE8EA225893E7C0044489B /* AppDelegate.swift */; };
		4DAE8EA525893E7C0044489B /* ViewController.swift in Sources */ = {isa = PBXBuildFile; fileRef = 4DAE8EA425893E7C0044489B /* ViewController.swift */; };
		4DAE8EA825893E7C0044489B /* Main.storyboard in Resources */ = {isa = PBXBuildFile; fileRef = 4DAE8EA625893E7C0044489B /* Main.storyboard */; };
		4DAE8EAA25893E7F0044489B /* Assets.xcassets in Resources */ = {isa = PBXBuildFile; fileRef = 4DAE8EA925893E7F0044489B /* Assets.xcassets */; };
		4DAE8EAD25893E7F0044489B /* LaunchScreen.storyboard in Resources */ = {isa = PBXBuildFile; fileRef = 4DAE8EAB25893E7F0044489B /* LaunchScreen.storyboard */; };
		4DDCA953259104E70004E0A9 /* AdicionarItensViewController.swift in Sources */ = {isa = PBXBuildFile; fileRef = 4DDCA951259104E70004E0A9 /* AdicionarItensViewController.swift */; };
		4DDCA954259104E70004E0A9 /* AdicionarItensViewController.xib in Resources */ = {isa = PBXBuildFile; fileRef = 4DDCA952259104E70004E0A9 /* AdicionarItensViewController.xib */; };
		4DE13346258D16F9009E91E3 /* Refeicao.swift in Sources */ = {isa = PBXBuildFile; fileRef = 4DE13345258D16F9009E91E3 /* Refeicao.swift */; };
		4DE1334A258D1797009E91E3 /* Item.swift in Sources */ = {isa = PBXBuildFile; fileRef = 4DE13349258D1797009E91E3 /* Item.swift */; };
/* End PBXBuildFile section */

/* Begin PBXFileReference section */
		4D275C4B2591441B00D7EA62 /* Alerta.swift */ = {isa = PBXFileReference; lastKnownFileType = sourcecode.swift; path = Alerta.swift; sourceTree = "<group>"; };
		4D275C4E2591571E00D7EA62 /* RemoveRefeicaoViewController.swift */ = {isa = PBXFileReference; lastKnownFileType = sourcecode.swift; path = RemoveRefeicaoViewController.swift; sourceTree = "<group>"; };
		4D4074F3258D3CD900E21E25 /* RefeicoesTableViewController.swift */ = {isa = PBXFileReference; lastKnownFileType = sourcecode.swift; path = RefeicoesTableViewController.swift; sourceTree = "<group>"; };
		4D7D23D925922F9200D71218 /* RefeicaoDao.swift */ = {isa = PBXFileReference; lastKnownFileType = sourcecode.swift; path = RefeicaoDao.swift; sourceTree = "<group>"; };
		4D7D23DC259232FC00D71218 /* ItemDao.swift */ = {isa = PBXFileReference; lastKnownFileType = sourcecode.swift; path = ItemDao.swift; sourceTree = "<group>"; };
		4DAE8E9F25893E7C0044489B /* Eggplant-brownie.app */ = {isa = PBXFileReference; explicitFileType = wrapper.application; includeInIndex = 0; path = "Eggplant-brownie.app"; sourceTree = BUILT_PRODUCTS_DIR; };
		4DAE8EA225893E7C0044489B /* AppDelegate.swift */ = {isa = PBXFileReference; lastKnownFileType = sourcecode.swift; path = AppDelegate.swift; sourceTree = "<group>"; };
		4DAE8EA425893E7C0044489B /* ViewController.swift */ = {isa = PBXFileReference; lastKnownFileType = sourcecode.swift; path = ViewController.swift; sourceTree = "<group>"; };
		4DAE8EA725893E7C0044489B /* Base */ = {isa = PBXFileReference; lastKnownFileType = file.storyboard; name = Base; path = Base.lproj/Main.storyboard; sourceTree = "<group>"; };
		4DAE8EA925893E7F0044489B /* Assets.xcassets */ = {isa = PBXFileReference; lastKnownFileType = folder.assetcatalog; path = Assets.xcassets; sourceTree = "<group>"; };
		4DAE8EAC25893E7F0044489B /* Base */ = {isa = PBXFileReference; lastKnownFileType = file.storyboard; name = Base; path = Base.lproj/LaunchScreen.storyboard; sourceTree = "<group>"; };
		4DAE8EAE25893E7F0044489B /* Info.plist */ = {isa = PBXFileReference; lastKnownFileType = text.plist.xml; path = Info.plist; sourceTree = "<group>"; };
		4DDCA951259104E70004E0A9 /* AdicionarItensViewController.swift */ = {isa = PBXFileReference; lastKnownFileType = sourcecode.swift; path = AdicionarItensViewController.swift; sourceTree = "<group>"; };
		4DDCA952259104E70004E0A9 /* AdicionarItensViewController.xib */ = {isa = PBXFileReference; lastKnownFileType = file.xib; path = AdicionarItensViewController.xib; sourceTree = "<group>"; };
		4DE13342258D16B0009E91E3 /* MyPlayground.playground */ = {isa = PBXFileReference; lastKnownFileType = file.playground; path = MyPlayground.playground; sourceTree = "<group>"; xcLanguageSpecificationIdentifier = xcode.lang.swift; };
		4DE13345258D16F9009E91E3 /* Refeicao.swift */ = {isa = PBXFileReference; lastKnownFileType = sourcecode.swift; path = Refeicao.swift; sourceTree = "<group>"; };
		4DE13349258D1797009E91E3 /* Item.swift */ = {isa = PBXFileReference; lastKnownFileType = sourcecode.swift; path = Item.swift; sourceTree = "<group>"; };
/* End PBXFileReference section */

/* Begin PBXFrameworksBuildPhase section */
		4DAE8E9C25893E7C0044489B /* Frameworks */ = {
			isa = PBXFrameworksBuildPhase;
			buildActionMask = 2147483647;
			files = (
			);
			runOnlyForDeploymentPostprocessing = 0;
		};
/* End PBXFrameworksBuildPhase section */

/* Begin PBXGroup section */
		4DAE8E9625893E7C0044489B = {
			isa = PBXGroup;
			children = (
				4DAE8EA125893E7C0044489B /* Eggplant-brownie */,
				4DE1334D258D185C009E91E3 /* Models */,
				4DE1334E258D1871009E91E3 /* Views */,
				4DE1334F258D1890009E91E3 /* Controller */,
				4DAE8EA025893E7C0044489B /* Products */,
			);
			sourceTree = "<group>";
		};
		4DAE8EA025893E7C0044489B /* Products */ = {
			isa = PBXGroup;
			children = (
				4DAE8E9F25893E7C0044489B /* Eggplant-brownie.app */,
			);
			name = Products;
			sourceTree = "<group>";
		};
		4DAE8EA125893E7C0044489B /* Eggplant-brownie */ = {
			isa = PBXGroup;
			children = (
				4DAE8EA225893E7C0044489B /* AppDelegate.swift */,
				4DAE8EA925893E7F0044489B /* Assets.xcassets */,
				4DE13342258D16B0009E91E3 /* MyPlayground.playground */,
				4DAE8EAB25893E7F0044489B /* LaunchScreen.storyboard */,
				4DAE8EAE25893E7F0044489B /* Info.plist */,
			);
			path = "Eggplant-brownie";
			sourceTree = "<group>";
		};
		4DE1334D258D185C009E91E3 /* Models */ = {
			isa = PBXGroup;
			children = (
				4DE13345258D16F9009E91E3 /* Refeicao.swift */,
				4DE13349258D1797009E91E3 /* Item.swift */,
				4D275C4B2591441B00D7EA62 /* Alerta.swift */,
				4D7D23D925922F9200D71218 /* RefeicaoDao.swift */,
				4D7D23DC259232FC00D71218 /* ItemDao.swift */,
			);
			path = Models;
			sourceTree = "<group>";
		};
		4DE1334E258D1871009E91E3 /* Views */ = {
			isa = PBXGroup;
			children = (
				4DAE8EA625893E7C0044489B /* Main.storyboard */,
				4DDCA952259104E70004E0A9 /* AdicionarItensViewController.xib */,
			);
			path = Views;
			sourceTree = "<group>";
		};
		4DE1334F258D1890009E91E3 /* Controller */ = {
			isa = PBXGroup;
			children = (
				4DDCA951259104E70004E0A9 /* AdicionarItensViewController.swift */,
				4DAE8EA425893E7C0044489B /* ViewController.swift */,
				4D4074F3258D3CD900E21E25 /* RefeicoesTableViewController.swift */,
				4D275C4E2591571E00D7EA62 /* RemoveRefeicaoViewController.swift */,
			);
			path = Controller;
			sourceTree = "<group>";
		};
/* End PBXGroup section */

/* Begin PBXNativeTarget section */
		4DAE8E9E25893E7C0044489B /* Eggplant-brownie */ = {
			isa = PBXNativeTarget;
			buildConfigurationList = 4DAE8EB125893E7F0044489B /* Build configuration list for PBXNativeTarget "Eggplant-brownie" */;
			buildPhases = (
				4DAE8E9B25893E7C0044489B /* Sources */,
				4DAE8E9C25893E7C0044489B /* Frameworks */,
				4DAE8E9D25893E7C0044489B /* Resources */,
			);
			buildRules = (
			);
			dependencies = (
			);
			name = "Eggplant-brownie";
			productName = "Eggplant-brownie";
			productReference = 4DAE8E9F25893E7C0044489B /* Eggplant-brownie.app */;
			productType = "com.apple.product-type.application";
		};
/* End PBXNativeTarget section */

/* Begin PBXProject section */
		4DAE8E9725893E7C0044489B /* Project object */ = {
			isa = PBXProject;
			attributes = {
				LastSwiftUpdateCheck = 1010;
				LastUpgradeCheck = 1010;
				ORGANIZATIONNAME = Alura;
				TargetAttributes = {
					4DAE8E9E25893E7C0044489B = {
						CreatedOnToolsVersion = 10.1;
					};
				};
			};
			buildConfigurationList = 4DAE8E9A25893E7C0044489B /* Build configuration list for PBXProject "Eggplant-brownie" */;
			compatibilityVersion = "Xcode 9.3";
			developmentRegion = en;
			hasScannedForEncodings = 0;
			knownRegions = (
				en,
				Base,
			);
			mainGroup = 4DAE8E9625893E7C0044489B;
			productRefGroup = 4DAE8EA025893E7C0044489B /* Products */;
			projectDirPath = "";
			projectRoot = "";
			targets = (
				4DAE8E9E25893E7C0044489B /* Eggplant-brownie */,
			);
		};
/* End PBXProject section */

/* Begin PBXResourcesBuildPhase section */
		4DAE8E9D25893E7C0044489B /* Resources */ = {
			isa = PBXResourcesBuildPhase;
			buildActionMask = 2147483647;
			files = (
				4DAE8EAD25893E7F0044489B /* LaunchScreen.storyboard in Resources */,
				4DAE8EAA25893E7F0044489B /* Assets.xcassets in Resources */,
				4DDCA954259104E70004E0A9 /* AdicionarItensViewController.xib in Resources */,
				4DAE8EA825893E7C0044489B /* Main.storyboard in Resources */,
			);
			runOnlyForDeploymentPostprocessing = 0;
		};
/* End PBXResourcesBuildPhase section */

/* Begin PBXSourcesBuildPhase section */
		4DAE8E9B25893E7C0044489B /* Sources */ = {
			isa = PBXSourcesBuildPhase;
			buildActionMask = 2147483647;
			files = (
				4D275C4F2591571E00D7EA62 /* RemoveRefeicaoViewController.swift in Sources */,
				4DE1334A258D1797009E91E3 /* Item.swift in Sources */,
				4DDCA953259104E70004E0A9 /* AdicionarItensViewController.swift in Sources */,
				4D7D23DA25922F9200D71218 /* RefeicaoDao.swift in Sources */,
				4DAE8EA525893E7C0044489B /* ViewController.swift in Sources */,
				4D7D23DD259232FC00D71218 /* ItemDao.swift in Sources */,
				4D4074F4258D3CD900E21E25 /* RefeicoesTableViewController.swift in Sources */,
				4DE13346258D16F9009E91E3 /* Refeicao.swift in Sources */,
				4DAE8EA325893E7C0044489B /* AppDelegate.swift in Sources */,
				4D275C4C2591441B00D7EA62 /* Alerta.swift in Sources */,
			);
			runOnlyForDeploymentPostprocessing = 0;
		};
/* End PBXSourcesBuildPhase section */

/* Begin PBXVariantGroup section */
		4DAE8EA625893E7C0044489B /* Main.storyboard */ = {
			isa = PBXVariantGroup;
			children = (
				4DAE8EA725893E7C0044489B /* Base */,
			);
			name = Main.storyboard;
			sourceTree = "<group>";
		};
		4DAE8EAB25893E7F0044489B /* LaunchScreen.storyboard */ = {
			isa = PBXVariantGroup;
			children = (
				4DAE8EAC25893E7F0044489B /* Base */,
			);
			name = LaunchScreen.storyboard;
			sourceTree = "<group>";
		};
/* End PBXVariantGroup section */

/* Begin XCBuildConfiguration section */
		4DAE8EAF25893E7F0044489B /* Debug */ = {
			isa = XCBuildConfiguration;
			buildSettings = {
				ALWAYS_SEARCH_USER_PATHS = NO;
				CLANG_ANALYZER_NONNULL = YES;
				CLANG_ANALYZER_NUMBER_OBJECT_CONVERSION = YES_AGGRESSIVE;
				CLANG_CXX_LANGUAGE_STANDARD = "gnu++14";
				CLANG_CXX_LIBRARY = "libc++";
				CLANG_ENABLE_MODULES = YES;
				CLANG_ENABLE_OBJC_ARC = YES;
				CLANG_ENABLE_OBJC_WEAK = YES;
				CLANG_WARN_BLOCK_CAPTURE_AUTORELEASING = YES;
				CLANG_WARN_BOOL_CONVERSION = YES;
				CLANG_WARN_COMMA = YES;
				CLANG_WARN_CONSTANT_CONVERSION = YES;
				CLANG_WARN_DEPRECATED_OBJC_IMPLEMENTATIONS = YES;
				CLANG_WARN_DIRECT_OBJC_ISA_USAGE = YES_ERROR;
				CLANG_WARN_DOCUMENTATION_COMMENTS = YES;
				CLANG_WARN_EMPTY_BODY = YES;
				CLANG_WARN_ENUM_CONVERSION = YES;
				CLANG_WARN_INFINITE_RECURSION = YES;
				CLANG_WARN_INT_CONVERSION = YES;
				CLANG_WARN_NON_LITERAL_NULL_CONVERSION = YES;
				CLANG_WARN_OBJC_IMPLICIT_RETAIN_SELF = YES;
				CLANG_WARN_OBJC_LITERAL_CONVERSION = YES;
				CLANG_WARN_OBJC_ROOT_CLASS = YES_ERROR;
				CLANG_WARN_RANGE_LOOP_ANALYSIS = YES;
				CLANG_WARN_STRICT_PROTOTYPES = YES;
				CLANG_WARN_SUSPICIOUS_MOVE = YES;
				CLANG_WARN_UNGUARDED_AVAILABILITY = YES_AGGRESSIVE;
				CLANG_WARN_UNREACHABLE_CODE = YES;
				CLANG_WARN__DUPLICATE_METHOD_MATCH = YES;
				CODE_SIGN_IDENTITY = "iPhone Developer";
				COPY_PHASE_STRIP = NO;
				DEBUG_INFORMATION_FORMAT = dwarf;
				ENABLE_STRICT_OBJC_MSGSEND = YES;
				ENABLE_TESTABILITY = YES;
				GCC_C_LANGUAGE_STANDARD = gnu11;
				GCC_DYNAMIC_NO_PIC = NO;
				GCC_NO_COMMON_BLOCKS = YES;
				GCC_OPTIMIZATION_LEVEL = 0;
				GCC_PREPROCESSOR_DEFINITIONS = (
					"DEBUG=1",
					"$(inherited)",
				);
				GCC_WARN_64_TO_32_BIT_CONVERSION = YES;
				GCC_WARN_ABOUT_RETURN_TYPE = YES_ERROR;
				GCC_WARN_UNDECLARED_SELECTOR = YES;
				GCC_WARN_UNINITIALIZED_AUTOS = YES_AGGRESSIVE;
				GCC_WARN_UNUSED_FUNCTION = YES;
				GCC_WARN_UNUSED_VARIABLE = YES;
				IPHONEOS_DEPLOYMENT_TARGET = 12.1;
				MTL_ENABLE_DEBUG_INFO = INCLUDE_SOURCE;
				MTL_FAST_MATH = YES;
				ONLY_ACTIVE_ARCH = YES;
				SDKROOT = iphoneos;
				SWIFT_ACTIVE_COMPILATION_CONDITIONS = DEBUG;
				SWIFT_OPTIMIZATION_LEVEL = "-Onone";
			};
			name = Debug;
		};
		4DAE8EB025893E7F0044489B /* Release */ = {
			isa = XCBuildConfiguration;
			buildSettings = {
				ALWAYS_SEARCH_USER_PATHS = NO;
				CLANG_ANALYZER_NONNULL = YES;
				CLANG_ANALYZER_NUMBER_OBJECT_CONVERSION = YES_AGGRESSIVE;
				CLANG_CXX_LANGUAGE_STANDARD = "gnu++14";
				CLANG_CXX_LIBRARY = "libc++";
				CLANG_ENABLE_MODULES = YES;
				CLANG_ENABLE_OBJC_ARC = YES;
				CLANG_ENABLE_OBJC_WEAK = YES;
				CLANG_WARN_BLOCK_CAPTURE_AUTORELEASING = YES;
				CLANG_WARN_BOOL_CONVERSION = YES;
				CLANG_WARN_COMMA = YES;
				CLANG_WARN_CONSTANT_CONVERSION = YES;
				CLANG_WARN_DEPRECATED_OBJC_IMPLEMENTATIONS = YES;
				CLANG_WARN_DIRECT_OBJC_ISA_USAGE = YES_ERROR;
				CLANG_WARN_DOCUMENTATION_COMMENTS = YES;
				CLANG_WARN_EMPTY_BODY = YES;
				CLANG_WARN_ENUM_CONVERSION = YES;
				CLANG_WARN_INFINITE_RECURSION = YES;
				CLANG_WARN_INT_CONVERSION = YES;
				CLANG_WARN_NON_LITERAL_NULL_CONVERSION = YES;
				CLANG_WARN_OBJC_IMPLICIT_RETAIN_SELF = YES;
				CLANG_WARN_OBJC_LITERAL_CONVERSION = YES;
				CLANG_WARN_OBJC_ROOT_CLASS = YES_ERROR;
				CLANG_WARN_RANGE_LOOP_ANALYSIS = YES;
				CLANG_WARN_STRICT_PROTOTYPES = YES;
				CLANG_WARN_SUSPICIOUS_MOVE = YES;
				CLANG_WARN_UNGUARDED_AVAILABILITY = YES_AGGRESSIVE;
				CLANG_WARN_UNREACHABLE_CODE = YES;
				CLANG_WARN__DUPLICATE_METHOD_MATCH = YES;
				CODE_SIGN_IDENTITY = "iPhone Developer";
				COPY_PHASE_STRIP = NO;
				DEBUG_INFORMATION_FORMAT = "dwarf-with-dsym";
				ENABLE_NS_ASSERTIONS = NO;
				ENABLE_STRICT_OBJC_MSGSEND = YES;
				GCC_C_LANGUAGE_STANDARD = gnu11;
				GCC_NO_COMMON_BLOCKS = YES;
				GCC_WARN_64_TO_32_BIT_CONVERSION = YES;
				GCC_WARN_ABOUT_RETURN_TYPE = YES_ERROR;
				GCC_WARN_UNDECLARED_SELECTOR = YES;
				GCC_WARN_UNINITIALIZED_AUTOS = YES_AGGRESSIVE;
				GCC_WARN_UNUSED_FUNCTION = YES;
				GCC_WARN_UNUSED_VARIABLE = YES;
				IPHONEOS_DEPLOYMENT_TARGET = 12.1;
				MTL_ENABLE_DEBUG_INFO = NO;
				MTL_FAST_MATH = YES;
				SDKROOT = iphoneos;
				SWIFT_COMPILATION_MODE = wholemodule;
				SWIFT_OPTIMIZATION_LEVEL = "-O";
				VALIDATE_PRODUCT = YES;
			};
			name = Release;
		};
		4DAE8EB225893E7F0044489B /* Debug */ = {
			isa = XCBuildConfiguration;
			buildSettings = {
				ASSETCATALOG_COMPILER_APPICON_NAME = AppIcon;
				CODE_SIGN_IDENTITY = "iPhone Developer";
				CODE_SIGN_STYLE = Automatic;
				DEVELOPMENT_TEAM = "";
				INFOPLIST_FILE = "Eggplant-brownie/Info.plist";
				LD_RUNPATH_SEARCH_PATHS = (
					"$(inherited)",
					"@executable_path/Frameworks",
				);
				PRODUCT_BUNDLE_IDENTIFIER = "br.com-alura.Eggplant-brownie";
				PRODUCT_NAME = "$(TARGET_NAME)";
				PROVISIONING_PROFILE_SPECIFIER = "";
				SWIFT_VERSION = 4.2;
				TARGETED_DEVICE_FAMILY = "1,2";
			};
			name = Debug;
		};
		4DAE8EB325893E7F0044489B /* Release */ = {
			isa = XCBuildConfiguration;
			buildSettings = {
				ASSETCATALOG_COMPILER_APPICON_NAME = AppIcon;
				CODE_SIGN_IDENTITY = "iPhone Developer";
				CODE_SIGN_STYLE = Automatic;
				DEVELOPMENT_TEAM = "";
				INFOPLIST_FILE = "Eggplant-brownie/Info.plist";
				LD_RUNPATH_SEARCH_PATHS = (
					"$(inherited)",
					"@executable_path/Frameworks",
				);
				PRODUCT_BUNDLE_IDENTIFIER = "br.com-alura.Eggplant-brownie";
				PRODUCT_NAME = "$(TARGET_NAME)";
				PROVISIONING_PROFILE_SPECIFIER = "";
				SWIFT_VERSION = 4.2;
				TARGETED_DEVICE_FAMILY = "1,2";
			};
			name = Release;
		};
/* End XCBuildConfiguration section */

/* Begin XCConfigurationList section */
		4DAE8E9A25893E7C0044489B /* Build configuration list for PBXProject "Eggplant-brownie" */ = {
			isa = XCConfigurationList;
			buildConfigurations = (
				4DAE8EAF25893E7F0044489B /* Debug */,
				4DAE8EB025893E7F0044489B /* Release */,
			);
			defaultConfigurationIsVisible = 0;
			defaultConfigurationName = Release;
		};
		4DAE8EB125893E7F0044489B /* Build configuration list for PBXNativeTarget "Eggplant-brownie" */ = {
			isa = XCConfigurationList;
			buildConfigurations = (
				4DAE8EB225893E7F0044489B /* Debug */,
				4DAE8EB325893E7F0044489B /* Release */,
			);
			defaultConfigurationIsVisible = 0;
			defaultConfigurationName = Release;
		};
/* End XCConfigurationList section */
	};
	rootObject = 4DAE8E9725893E7C0044489B /* Project object */;
}
